// !$*UTF8*$!
{
	archiveVersion = 1;
	classes = {
	};
	objectVersion = 46;
	objects = {

/* Begin PBXBuildFile section */
		719812251F0A7EE200D9ACA8 /* main.m in Sources */ = {isa = PBXBuildFile; fileRef = 719812241F0A7EE200D9ACA8 /* main.m */; };
		719812281F0A7EE200D9ACA8 /* AppDelegate.m in Sources */ = {isa = PBXBuildFile; fileRef = 719812271F0A7EE200D9ACA8 /* AppDelegate.m */; };
		7198122B1F0A7EE200D9ACA8 /* ViewController.m in Sources */ = {isa = PBXBuildFile; fileRef = 7198122A1F0A7EE200D9ACA8 /* ViewController.m */; };
		7198122E1F0A7EE200D9ACA8 /* Main.storyboard in Resources */ = {isa = PBXBuildFile; fileRef = 7198122C1F0A7EE200D9ACA8 /* Main.storyboard */; };
		719812301F0A7EE200D9ACA8 /* Assets.xcassets in Resources */ = {isa = PBXBuildFile; fileRef = 7198122F1F0A7EE200D9ACA8 /* Assets.xcassets */; };
		719812331F0A7EE200D9ACA8 /* LaunchScreen.storyboard in Resources */ = {isa = PBXBuildFile; fileRef = 719812311F0A7EE200D9ACA8 /* LaunchScreen.storyboard */; };
/* End PBXBuildFile section */

/* Begin PBXFileReference section */
		719812201F0A7EE200D9ACA8 /* MusicPlayer.app */ = {isa = PBXFileReference; explicitFileType = wrapper.application; includeInIndex = 0; path = MusicPlayer.app; sourceTree = BUILT_PRODUCTS_DIR; };
		719812241F0A7EE200D9ACA8 /* main.m */ = {isa = PBXFileReference; lastKnownFileType = sourcecode.c.objc; path = main.m; sourceTree = "<group>"; };
		719812261F0A7EE200D9ACA8 /* AppDelegate.h */ = {isa = PBXFileReference; lastKnownFileType = sourcecode.c.h; path = AppDelegate.h; sourceTree = "<group>"; };
		719812271F0A7EE200D9ACA8 /* AppDelegate.m */ = {isa = PBXFileReference; lastKnownFileType = sourcecode.c.objc; path = AppDelegate.m; sourceTree = "<group>"; };
		719812291F0A7EE200D9ACA8 /* ViewController.h */ = {isa = PBXFileReference; lastKnownFileType = sourcecode.c.h; path = ViewController.h; sourceTree = "<group>"; };
		7198122A1F0A7EE200D9ACA8 /* ViewController.m */ = {isa = PBXFileReference; lastKnownFileType = sourcecode.c.objc; path = ViewController.m; sourceTree = "<group>"; };
		7198122D1F0A7EE200D9ACA8 /* Base */ = {isa = PBXFileReference; lastKnownFileType = file.storyboard; name = Base; path = Base.lproj/Main.storyboard; sourceTree = "<group>"; };
		7198122F1F0A7EE200D9ACA8 /* Assets.xcassets */ = {isa = PBXFileReference; lastKnownFileType = folder.assetcatalog; path = Assets.xcassets; sourceTree = "<group>"; };
		719812321F0A7EE200D9ACA8 /* Base */ = {isa = PBXFileReference; lastKnownFileType = file.storyboard; name = Base; path = Base.lproj/LaunchScreen.storyboard; sourceTree = "<group>"; };
		719812341F0A7EE200D9ACA8 /* Info.plist */ = {isa = PBXFileReference; lastKnownFileType = text.plist.xml; path = Info.plist; sourceTree = "<group>"; };
/* End PBXFileReference section */

/* Begin PBXFrameworksBuildPhase section */
		7198121D1F0A7EE200D9ACA8 /* Frameworks */ = {
			isa = PBXFrameworksBuildPhase;
			buildActionMask = 2147483647;
			files = (
			);
			runOnlyForDeploymentPostprocessing = 0;
		};
/* End PBXFrameworksBuildPhase section */

/* Begin PBXGroup section */
		719812171F0A7EE200D9ACA8 = {
			isa = PBXGroup;
			children = (
				719812221F0A7EE200D9ACA8 /* MusicPlayer */,
				719812211F0A7EE200D9ACA8 /* Products */,
			);
			sourceTree = "<group>";
		};
		719812211F0A7EE200D9ACA8 /* Products */ = {
			isa = PBXGroup;
			children = (
				719812201F0A7EE200D9ACA8 /* MusicPlayer.app */,
			);
			name = Products;
			sourceTree = "<group>";
		};
		719812221F0A7EE200D9ACA8 /* MusicPlayer */ = {
			isa = PBXGroup;
			children = (
				719812261F0A7EE200D9ACA8 /* AppDelegate.h */,
				719812271F0A7EE200D9ACA8 /* AppDelegate.m */,
				719812291F0A7EE200D9ACA8 /* ViewController.h */,
				7198122A1F0A7EE200D9ACA8 /* ViewController.m */,
				7198122C1F0A7EE200D9ACA8 /* Main.storyboard */,
				7198122F1F0A7EE200D9ACA8 /* Assets.xcassets */,
				719812311F0A7EE200D9ACA8 /* LaunchScreen.storyboard */,
				719812341F0A7EE200D9ACA8 /* Info.plist */,
				719812231F0A7EE200D9ACA8 /* Supporting Files */,
			);
			path = MusicPlayer;
			sourceTree = "<group>";
		};
		719812231F0A7EE200D9ACA8 /* Supporting Files */ = {
			isa = PBXGroup;
			children = (
				719812241F0A7EE200D9ACA8 /* main.m */,
			);
			name = "Supporting Files";
			sourceTree = "<group>";
		};
/* End PBXGroup section */

/* Begin PBXNativeTarget section */
		7198121F1F0A7EE200D9ACA8 /* MusicPlayer */ = {
			isa = PBXNativeTarget;
			buildConfigurationList = 719812371F0A7EE200D9ACA8 /* Build configuration list for PBXNativeTarget "MusicPlayer" */;
			buildPhases = (
				7198121C1F0A7EE200D9ACA8 /* Sources */,
				7198121D1F0A7EE200D9ACA8 /* Frameworks */,
				7198121E1F0A7EE200D9ACA8 /* Resources */,
			);
			buildRules = (
			);
			dependencies = (
			);
			name = MusicPlayer;
			productName = MusicPlayer;
			productReference = 719812201F0A7EE200D9ACA8 /* MusicPlayer.app */;
			productType = "com.apple.product-type.application";
		};
/* End PBXNativeTarget section */

/* Begin PBXProject section */
		719812181F0A7EE200D9ACA8 /* Project object */ = {
			isa = PBXProject;
			attributes = {
				LastUpgradeCheck = 0820;
				ORGANIZATIONNAME = com.netease.homework;
				TargetAttributes = {
					7198121F1F0A7EE200D9ACA8 = {
						CreatedOnToolsVersion = 8.2.1;
						ProvisioningStyle = Automatic;
					};
				};
			};
			buildConfigurationList = 7198121B1F0A7EE200D9ACA8 /* Build configuration list for PBXProject "MusicPlayer" */;
			compatibilityVersion = "Xcode 3.2";
			developmentRegion = English;
			hasScannedForEncodings = 0;
			knownRegions = (
				en,
				Base,
			);
			mainGroup = 719812171F0A7EE200D9ACA8;
			productRefGroup = 719812211F0A7EE200D9ACA8 /* Products */;
			projectDirPath = "";
			projectRoot = "";
			targets = (
				7198121F1F0A7EE200D9ACA8 /* MusicPlayer */,
			);
		};
/* End PBXProject section */

/* Begin PBXResourcesBuildPhase section */
		7198121E1F0A7EE200D9ACA8 /* Resources */ = {
			isa = PBXResourcesBuildPhase;
			buildActionMask = 2147483647;
			files = (
				719812331F0A7EE200D9ACA8 /* LaunchScreen.storyboard in Resources */,
				719812301F0A7EE200D9ACA8 /* Assets.xcassets in Resources */,
				7198122E1F0A7EE200D9ACA8 /* Main.storyboard in Resources */,
			);
			runOnlyForDeploymentPostprocessing = 0;
		};
/* End PBXResourcesBuildPhase section */

/* Begin PBXSourcesBuildPhase section */
		7198121C1F0A7EE200D9ACA8 /* Sources */ = {
			isa = PBXSourcesBuildPhase;
			buildActionMask = 2147483647;
			files = (
				7198122B1F0A7EE200D9ACA8 /* ViewController.m in Sources */,
				719812281F0A7EE200D9ACA8 /* AppDelegate.m in Sources */,
				719812251F0A7EE200D9ACA8 /* main.m in Sources */,
			);
			runOnlyForDeploymentPostprocessing = 0;
		};
/* End PBXSourcesBuildPhase section */

/* Begin PBXVariantGroup section */
		7198122C1F0A7EE200D9ACA8 /* Main.storyboard */ = {
			isa = PBXVariantGroup;
			children = (
				7198122D1F0A7EE200D9ACA8 /* Base */,
			);
			name = Main.storyboard;
			sourceTree = "<group>";
		};
		719812311F0A7EE200D9ACA8 /* LaunchScreen.storyboard */ = {
			isa = PBXVariantGroup;
			children = (
				719812321F0A7EE200D9ACA8 /* Base */,
			);
			name = LaunchScreen.storyboard;
			sourceTree = "<group>";
		};
/* End PBXVariantGroup section */

/* Begin XCBuildConfiguration section */
		719812351F0A7EE200D9ACA8 /* Debug */ = {
			isa = XCBuildConfiguration;
			buildSettings = {
				ALWAYS_SEARCH_USER_PATHS = NO;
				CLANG_ANALYZER_NONNULL = YES;
				CLANG_CXX_LANGUAGE_STANDARD = "gnu++0x";
				CLANG_CXX_LIBRARY = "libc++";
				CLANG_ENABLE_MODULES = YES;
				CLANG_ENABLE_OBJC_ARC = YES;
				CLANG_WARN_BOOL_CONVERSION = YES;
				CLANG_WARN_CONSTANT_CONVERSION = YES;
				CLANG_WARN_DIRECT_OBJC_ISA_USAGE = YES_ERROR;
				CLANG_WARN_DOCUMENTATION_COMMENTS = YES;
				CLANG_WARN_EMPTY_BODY = YES;
				CLANG_WARN_ENUM_CONVERSION = YES;
				CLANG_WARN_INFINITE_RECURSION = YES;
				CLANG_WARN_INT_CONVERSION = YES;
				CLANG_WARN_OBJC_ROOT_CLASS = YES_ERROR;
				CLANG_WARN_SUSPICIOUS_MOVE = YES;
				CLANG_WARN_UNREACHABLE_CODE = YES;
				CLANG_WARN__DUPLICATE_METHOD_MATCH = YES;
				"CODE_SIGN_IDENTITY[sdk=iphoneos*]" = "iPhone Developer";
				COPY_PHASE_STRIP = NO;
				DEBUG_INFORMATION_FORMAT = dwarf;
				ENABLE_STRICT_OBJC_MSGSEND = YES;
				ENABLE_TESTABILITY = YES;
				GCC_C_LANGUAGE_STANDARD = gnu99;
				GCC_DYNAMIC_NO_PIC = NO;
				GCC_NO_COMMON_BLOCKS = YES;
				GCC_OPTIMIZATION_LEVEL = 0;
				GCC_PREPROCESSOR_DEFINITIONS = (
					"DEBUG=1",
					"$(inherited)",
				);
				GCC_WARN_64_TO_32_BIT_CONVERSION = YES;
				GCC_WARN_ABOUT_RETURN_TYPE = YES_ERROR;
				GCC_WARN_UNDECLARED_SELECTOR = YES;
				GCC_WARN_UNINITIALIZED_AUTOS = YES_AGGRESSIVE;
				GCC_WARN_UNUSED_FUNCTION = YES;
				GCC_WARN_UNUSED_VARIABLE = YES;
				IPHONEOS_DEPLOYMENT_TARGET = 10.2;
				MTL_ENABLE_DEBUG_INFO = YES;
				ONLY_ACTIVE_ARCH = YES;
				SDKROOT = iphoneos;
				TARGETED_DEVICE_FAMILY = "1,2";
			};
			name = Debug;
		};
		719812361F0A7EE200D9ACA8 /* Release */ = {
			isa = XCBuildConfiguration;
			buildSettings = {
				ALWAYS_SEARCH_USER_PATHS = NO;
				CLANG_ANALYZER_NONNULL = YES;
				CLANG_CXX_LANGUAGE_STANDARD = "gnu++0x";
				CLANG_CXX_LIBRARY = "libc++";
				CLANG_ENABLE_MODULES = YES;
				CLANG_ENABLE_OBJC_ARC = YES;
				CLANG_WARN_BOOL_CONVERSION = YES;
				CLANG_WARN_CONSTANT_CONVERSION = YES;
				CLANG_WARN_DIRECT_OBJC_ISA_USAGE = YES_ERROR;
				CLANG_WARN_DOCUMENTATION_COMMENTS = YES;
				CLANG_WARN_EMPTY_BODY = YES;
				CLANG_WARN_ENUM_CONVERSION = YES;
				CLANG_WARN_INFINITE_RECURSION = YES;
				CLANG_WARN_INT_CONVERSION = YES;
				CLANG_WARN_OBJC_ROOT_CLASS = YES_ERROR;
				CLANG_WARN_SUSPICIOUS_MOVE = YES;
				CLANG_WARN_UNREACHABLE_CODE = YES;
				CLANG_WARN__DUPLICATE_METHOD_MATCH = YES;
				"CODE_SIGN_IDENTITY[sdk=iphoneos*]" = "iPhone Developer";
				COPY_PHASE_STRIP = NO;
				DEBUG_INFORMATION_FORMAT = "dwarf-with-dsym";
				ENABLE_NS_ASSERTIONS = NO;
				ENABLE_STRICT_OBJC_MSGSEND = YES;
				GCC_C_LANGUAGE_STANDARD = gnu99;
				GCC_NO_COMMON_BLOCKS = YES;
				GCC_WARN_64_TO_32_BIT_CONVERSION = YES;
				GCC_WARN_ABOUT_RETURN_TYPE = YES_ERROR;
				GCC_WARN_UNDECLARED_SELECTOR = YES;
				GCC_WARN_UNINITIALIZED_AUTOS = YES_AGGRESSIVE;
				GCC_WARN_UNUSED_FUNCTION = YES;
				GCC_WARN_UNUSED_VARIABLE = YES;
				IPHONEOS_DEPLOYMENT_TARGET = 10.2;
				MTL_ENABLE_DEBUG_INFO = NO;
				SDKROOT = iphoneos;
				TARGETED_DEVICE_FAMILY = "1,2";
				VALIDATE_PRODUCT = YES;
			};
			name = Release;
		};
		719812381F0A7EE200D9ACA8 /* Debug */ = {
			isa = XCBuildConfiguration;
			buildSettings = {
				ASSETCATALOG_COMPILER_APPICON_NAME = AppIcon;
				INFOPLIST_FILE = MusicPlayer/Info.plist;
				LD_RUNPATH_SEARCH_PATHS = "$(inherited) @executable_path/Frameworks";
				PRODUCT_BUNDLE_IDENTIFIER = com.netease.homework.MusicPlayer;
				PRODUCT_NAME = "$(TARGET_NAME)";
			};
			name = Debug;
		};
		719812391F0A7EE200D9ACA8 /* Release */ = {
			isa = XCBuildConfiguration;
			buildSettings = {
				ASSETCATALOG_COMPILER_APPICON_NAME = AppIcon;
				INFOPLIST_FILE = MusicPlayer/Info.plist;
				LD_RUNPATH_SEARCH_PATHS = "$(inherited) @executable_path/Frameworks";
				PRODUCT_BUNDLE_IDENTIFIER = com.netease.homework.MusicPlayer;
				PRODUCT_NAME = "$(TARGET_NAME)";
			};
			name = Release;
		};
/* End XCBuildConfiguration section */

/* Begin XCConfigurationList section */
		7198121B1F0A7EE200D9ACA8 /* Build configuration list for PBXProject "MusicPlayer" */ = {
			isa = XCConfigurationList;
			buildConfigurations = (
				719812351F0A7EE200D9ACA8 /* Debug */,
				719812361F0A7EE200D9ACA8 /* Release */,
			);
			defaultConfigurationIsVisible = 0;
			defaultConfigurationName = Release;
		};
		719812371F0A7EE200D9ACA8 /* Build configuration list for PBXNativeTarget "MusicPlayer" */ = {
			isa = XCConfigurationList;
			buildConfigurations = (
				719812381F0A7EE200D9ACA8 /* Debug */,
				719812391F0A7EE200D9ACA8 /* Release */,
			);
			defaultConfigurationIsVisible = 0;
		};
/* End XCConfigurationList section */
	};
	rootObject = 719812181F0A7EE200D9ACA8 /* Project object */;
}
